PODS:
  - CCarPrice_Calculator (0.1.0)

DEPENDENCIES:
  - CCarPrice_Calculator (from `../`)

EXTERNAL SOURCES:
  CCarPrice_Calculator:
    :path: "../"

SPEC CHECKSUMS:
  CCarPrice_Calculator: 2dbd5bfb767268281f1f1dba367c41158bc113e8

PODFILE CHECKSUM: 2ba669c1a0966f1b430fb4b4c424fbcdda0e23c7

COCOAPODS: 1.12.1
